{
  "name": "yi-node",
  "version": "1.0.0",
  "lockfileVersion": 1,
  "requires": true,
  "dependencies": {
    "app-root-path": {
      "version": "2.1.0",
      "resolved": "https://registry.npmjs.org/app-root-path/-/app-root-path-2.1.0.tgz",
      "integrity": "sha1-mL9lmTJ+zqGZMJhm6BQDaP0uZGo="
    },
    "clap-detector": {
      "version": "0.5.3",
      "resolved": "https://registry.npmjs.org/clap-detector/-/clap-detector-0.5.3.tgz",
      "integrity": "sha512-euEGE8TigVlaRytHDP62Y4Fcd83JHQmwUWMzT8MULaqmB0bvERaW7OWNZZgrpkt1bI/m+25c8p8lRubLyfFyJA==",
      "requires": {
        "app-root-path": "2.1.0",
        "lodash": "4.17.21"
      }
    },
    "debug": {
      "version": "2.6.9",
      "resolved": "https://registry.npmjs.org/debug/-/debug-2.6.9.tgz",
      "integrity": "sha512-bC7ElrdJaJnPbAP+1EotYvqZsb3ecl5wi6Bfi6BJTUcNowp6cvspg0jXznRTKDjm/E7AdgFBVeAPVMNcKGsHMA==",
      "requires": {
        "ms": "2.0.0"
      }
    },
    "lodash": {
      "version": "4.17.21",
      "resolved": "https://registry.npmjs.org/lodash/-/lodash-4.17.21.tgz",
      "integrity": "sha512-v2kDEe57lecTulaDIuNTPy3Ry4gLGJ6Z1O3vE1krgXZNrsQ+LFTGHVxVjcXPs17LhbZVGedAJv8XZ1tvj5FvSg=="
    },
    "ms": {
      "version": "2.0.0",
      "resolved": "https://registry.npmjs.org/ms/-/ms-2.0.0.tgz",
      "integrity": "sha1-VgiurfwAvmwpAd9fmGF4jeDVl8g="
    },
    "node-audiorecorder": {
      "version": "2.2.0",
      "resolved": "https://registry.npmjs.org/node-audiorecorder/-/node-audiorecorder-2.2.0.tgz",
      "integrity": "sha512-JyBqAZ2b/N+yJFuR/bY0WqVw7wTi4AoarOll16oKqAw5Ma8ooV0+NZn3M9dHbeSkPxBU4H/wy5ZMLLkgDSNq4g=="
    },
    "node-mic-record": {
      "version": "0.0.1",
      "resolved": "https://registry.npmjs.org/node-mic-record/-/node-mic-record-0.0.1.tgz",
      "integrity": "sha512-ynozerNFxAbMZdR8S6AY13K+rWDwllUe/BsLI2CjQtm2Qy9xXKbSdmrOsuWXeiWnO8rBMZUlJyx86TdkA/43vQ=="
    },
    "node-record-lpcm16": {
      "version": "1.0.1",
      "resolved": "https://registry.npmjs.org/node-record-lpcm16/-/node-record-lpcm16-1.0.1.tgz",
      "integrity": "sha512-H75GMOP8ErnF67m21+qSgj4USnzv5RLfm7OkEItdIi+soNKoJZpMQPX6umM8Cn9nVPSgd/dBUtc1msst5MmABA==",
      "requires": {
        "debug": "^2.6.8"
      }
    },
    "yi-action-camera": {
      "version": "0.1.4",
      "resolved": "https://registry.npmjs.org/yi-action-camera/-/yi-action-camera-0.1.4.tgz",
      "integrity": "sha512-XUu2RICqWCpOyWAsCPptJoKPLy4aElGJjmIb5Gr+bySRX84e+ql0rg09KJoiH7OwbC3gHtxZun7isF2p8CfdFA=="
    }
  }
}
